{
  "name": "nawf",
  "version": "1.0.6",
  "lockfileVersion": 1,
  "requires": true,
  "dependencies": {
    "estl": {
      "version": "1.0.2",
      "resolved": "https://registry.npmjs.org/estl/-/estl-1.0.2.tgz",
      "integrity": "sha512-xJ4YsC5QTPTHzXNeIndPZlQGoyOQj04uslbUoysgWwKmLARFlze/CPP+BcfwC6SY0AAN0DeZksnggtBqVKpA3A=="
    }
  }
}
